{
    "name": "pixi-inspector",
    "version": "1.0.7",
    "lockfileVersion": 1,
    "requires": true,
    "dependencies": {
        "@pixi/accessibility": {
            "version": "5.3.9",
            "resolved": "https://registry.npmjs.org/@pixi/accessibility/-/accessibility-5.3.9.tgz",
            "integrity": "sha512-Y0+gjfq1ZJl4O6hC6O9KMCLvjAwSy3p9motZvfYs2x2QNLPI9IAafjn2qnM2Cp/Q86ySvqD6DCvLJZ/ni9tyVQ==",
            "dev": true,
            "requires": {
                "@pixi/core": "5.3.9",
                "@pixi/display": "5.3.9",
                "@pixi/utils": "5.3.9"
            }
        },
        "@pixi/app": {
            "version": "5.3.9",
            "resolved": "https://registry.npmjs.org/@pixi/app/-/app-5.3.9.tgz",
            "integrity": "sha512-5SDMFjCqX0TCMgjuDxLRNpphpIUC3mtTatw06PGf9OUgxMuRwy/PqamYArFosIhnoU4R9ubeo4dE1tQaeYniQw==",
            "dev": true,
            "requires": {
                "@pixi/core": "5.3.9",
                "@pixi/display": "5.3.9"
            }
        },
        "@pixi/constants": {
            "version": "5.3.9",
            "resolved": "https://registry.npmjs.org/@pixi/constants/-/constants-5.3.9.tgz",
            "integrity": "sha512-ItYz91qkQdklsjVMHFBPjxE2qiuhv8M8A1c+j3oSBIvRR2/usjwJ24ppYe9TeISa/ONmM24EIW9u9X8WZ0fF8g==",
            "dev": true
        },
        "@pixi/core": {
            "version": "5.3.9",
            "resolved": "https://registry.npmjs.org/@pixi/core/-/core-5.3.9.tgz",
            "integrity": "sha512-a2W/tqbMGeaNgkcZ2F4930W6OSFwZcOza/z0U9/Pw1JQRgzpJw1ZjZWM+XP0zI0BYcAI+jQUqleBxg5lp3L9HQ==",
            "dev": true,
            "requires": {
                "@pixi/constants": "5.3.9",
                "@pixi/math": "5.3.9",
                "@pixi/runner": "5.3.9",
                "@pixi/settings": "5.3.9",
                "@pixi/ticker": "5.3.9",
                "@pixi/utils": "5.3.9"
            }
        },
        "@pixi/display": {
            "version": "5.3.9",
            "resolved": "https://registry.npmjs.org/@pixi/display/-/display-5.3.9.tgz",
            "integrity": "sha512-5oNJjZp2if+cm1Wc19OjnO5yDmJozg0ctcxonT7YV2zMkfYc3M1C8svgpkKq5zJILjwSKio2lYbTa/6pGSgtBA==",
            "dev": true,
            "requires": {
                "@pixi/math": "5.3.9",
                "@pixi/settings": "5.3.9",
                "@pixi/utils": "5.3.9"
            }
        },
        "@pixi/extract": {
            "version": "5.3.9",
            "resolved": "https://registry.npmjs.org/@pixi/extract/-/extract-5.3.9.tgz",
            "integrity": "sha512-h74fAPyiRgZudysbd1Jss3uKtl89wprRxRVbTQHWzSeu382qBGPXONHmT7RIQRk4hRMAASxeWltibVtKMphelQ==",
            "dev": true,
            "requires": {
                "@pixi/core": "5.3.9",
                "@pixi/math": "5.3.9",
                "@pixi/utils": "5.3.9"
            }
        },
        "@pixi/filter-alpha": {
            "version": "5.3.9",
            "resolved": "https://registry.npmjs.org/@pixi/filter-alpha/-/filter-alpha-5.3.9.tgz",
            "integrity": "sha512-qfPJeKViLl/55dGzqX7qzTXy7XLIURw8kOdr89BssoQnGLosI7gEcKXMk2ib+tKk2KYzlGCScmcx1TU+sC++xQ==",
            "dev": true,
            "requires": {
                "@pixi/core": "5.3.9"
            }
        },
        "@pixi/filter-blur": {
            "version": "5.3.9",
            "resolved": "https://registry.npmjs.org/@pixi/filter-blur/-/filter-blur-5.3.9.tgz",
            "integrity": "sha512-Xr5/irGK70oF4Xw3wabeKecq9oFTZDJ/oKPKotFgG+Dxiy2DmBh+oHpOsteCJ18QLHvKLrr0AJt6AkpoNFcKnQ==",
            "dev": true,
            "requires": {
                "@pixi/core": "5.3.9",
                "@pixi/settings": "5.3.9"
            }
        },
        "@pixi/filter-color-matrix": {
            "version": "5.3.9",
            "resolved": "https://registry.npmjs.org/@pixi/filter-color-matrix/-/filter-color-matrix-5.3.9.tgz",
            "integrity": "sha512-02Bj4TPhLl5PneZh9eaAhJgWjKv4HfR/4+gJxzp4/Es61aW/fz+38DD5JywmXNDV39RnUhLpvnMrbqYzdHXZIw==",
            "dev": true,
            "requires": {
                "@pixi/core": "5.3.9"
            }
        },
        "@pixi/filter-displacement": {
            "version": "5.3.9",
            "resolved": "https://registry.npmjs.org/@pixi/filter-displacement/-/filter-displacement-5.3.9.tgz",
            "integrity": "sha512-VWwk1jyrS2VMprzknaqA9PqNda7TS2qp3tAVt97qadM5sRE0LzkhYvd+w4/b2TzvrHcu+0q5odmKuFuiSSE51Q==",
            "dev": true,
            "requires": {
                "@pixi/core": "5.3.9",
                "@pixi/math": "5.3.9"
            }
        },
        "@pixi/filter-fxaa": {
            "version": "5.3.9",
            "resolved": "https://registry.npmjs.org/@pixi/filter-fxaa/-/filter-fxaa-5.3.9.tgz",
            "integrity": "sha512-fuOADEHVn9XVyo8o88TiPgHRQ7P3NpGkQmS95mFW9SIP//QuQ8ikj3yYuBKtNM6TsCsJe7/bTv4i7uX8l00kVQ==",
            "dev": true,
            "requires": {
                "@pixi/core": "5.3.9"
            }
        },
        "@pixi/filter-noise": {
            "version": "5.3.9",
            "resolved": "https://registry.npmjs.org/@pixi/filter-noise/-/filter-noise-5.3.9.tgz",
            "integrity": "sha512-FtVbg49p0DLoaW2ua4no8ACgBJkip5yVYDqBkuZIPUP6PrXssCSjpU0w060TtcL6qQI9GpUqOBxffN3Qhn+VHg==",
            "dev": true,
            "requires": {
                "@pixi/core": "5.3.9"
            }
        },
        "@pixi/graphics": {
            "version": "5.3.9",
            "resolved": "https://registry.npmjs.org/@pixi/graphics/-/graphics-5.3.9.tgz",
            "integrity": "sha512-JWzMabJI4iy3Wynv26VcgMvTN/QH6w2qoYS2WQZlA9YYPLrdIpRoArHUlSU4bAoc9AqrTuOI6Xd6xHZspLH36A==",
            "dev": true,
            "requires": {
                "@pixi/constants": "5.3.9",
                "@pixi/core": "5.3.9",
                "@pixi/display": "5.3.9",
                "@pixi/math": "5.3.9",
                "@pixi/sprite": "5.3.9",
                "@pixi/utils": "5.3.9"
            }
        },
        "@pixi/interaction": {
            "version": "5.3.9",
            "resolved": "https://registry.npmjs.org/@pixi/interaction/-/interaction-5.3.9.tgz",
            "integrity": "sha512-sDxS6/MXY3zhIJKbKCwHMhO7+2hbXGydIkZtn6LtpKN2X19z69M/C9Ka+5ckPfbmrKf25ohjvcGS8xWqf0sNOw==",
            "dev": true,
            "requires": {
                "@pixi/core": "5.3.9",
                "@pixi/display": "5.3.9",
                "@pixi/math": "5.3.9",
                "@pixi/ticker": "5.3.9",
                "@pixi/utils": "5.3.9"
            }
        },
        "@pixi/loaders": {
            "version": "5.3.9",
            "resolved": "https://registry.npmjs.org/@pixi/loaders/-/loaders-5.3.9.tgz",
            "integrity": "sha512-qepjJ/aup+A5do26yj13Ma3z8kKp+HhkQL2F4uPeIm019DytO8vfKntjmNzU7obw2FMKbn1PRUmX8METLC6DOA==",
            "dev": true,
            "requires": {
                "@pixi/core": "5.3.9",
                "@pixi/utils": "5.3.9",
                "resource-loader": "^3.0.1"
            }
        },
        "@pixi/math": {
            "version": "5.3.9",
            "resolved": "https://registry.npmjs.org/@pixi/math/-/math-5.3.9.tgz",
            "integrity": "sha512-Ka5ypD22Te+DEx2572Zsct7mYnbl0em+lzvJBdbQnddCfvW9JBILAwULFa4Z8KxeeLT2PMCgp1wxwG1yQaiS6A==",
            "dev": true
        },
        "@pixi/mesh": {
            "version": "5.3.9",
            "resolved": "https://registry.npmjs.org/@pixi/mesh/-/mesh-5.3.9.tgz",
            "integrity": "sha512-fyKlk1AKJHwQ/0u+4+4nxScstreH05yHmCyDVM2fc1e9VbJy2Z7ZOueZCgguRfJrDvMqMqtkfKTWTzDvcADsYQ==",
            "dev": true,
            "requires": {
                "@pixi/constants": "5.3.9",
                "@pixi/core": "5.3.9",
                "@pixi/display": "5.3.9",
                "@pixi/math": "5.3.9",
                "@pixi/settings": "5.3.9",
                "@pixi/utils": "5.3.9"
            }
        },
        "@pixi/mesh-extras": {
            "version": "5.3.9",
            "resolved": "https://registry.npmjs.org/@pixi/mesh-extras/-/mesh-extras-5.3.9.tgz",
            "integrity": "sha512-Xl7rXSjS048r8x1ZJ0s0DmKARqUhUPLp0VVhZho38IZKRFyEj1dkiOFYkamovxrVYdmZ12GvhdS74NSKiX1wEA==",
            "dev": true,
            "requires": {
                "@pixi/constants": "5.3.9",
                "@pixi/core": "5.3.9",
                "@pixi/math": "5.3.9",
                "@pixi/mesh": "5.3.9",
                "@pixi/utils": "5.3.9"
            }
        },
        "@pixi/mixin-cache-as-bitmap": {
            "version": "5.3.9",
            "resolved": "https://registry.npmjs.org/@pixi/mixin-cache-as-bitmap/-/mixin-cache-as-bitmap-5.3.9.tgz",
            "integrity": "sha512-udmyHkc8FIRlHzAg29kmvSFlbkO7Q9B3G3Oxiw5g/c8L2HE45iXpasor7o0gSAz90+gwWxieBK60uDKr4vX8sQ==",
            "dev": true,
            "requires": {
                "@pixi/core": "5.3.9",
                "@pixi/display": "5.3.9",
                "@pixi/math": "5.3.9",
                "@pixi/settings": "5.3.9",
                "@pixi/sprite": "5.3.9",
                "@pixi/utils": "5.3.9"
            }
        },
        "@pixi/mixin-get-child-by-name": {
            "version": "5.3.9",
            "resolved": "https://registry.npmjs.org/@pixi/mixin-get-child-by-name/-/mixin-get-child-by-name-5.3.9.tgz",
            "integrity": "sha512-rGjPrKSdr84iHMxQp26ZHYEc1BStLsNsxyQLcKCxOGZzzzP7g2X8Wwsw66Ie51U/ue4OpcxcUoGOlh88hVJtNw==",
            "dev": true,
            "requires": {
                "@pixi/display": "5.3.9"
            }
        },
        "@pixi/mixin-get-global-position": {
            "version": "5.3.9",
            "resolved": "https://registry.npmjs.org/@pixi/mixin-get-global-position/-/mixin-get-global-position-5.3.9.tgz",
            "integrity": "sha512-HPhb7gI3XnO8bJonqXYt/dEesh7TD6EkLHzKq8d7GdrB+JebfK4RMwgbL6vliVQianmTzl2J/1NgZ96fKg8HAw==",
            "dev": true,
            "requires": {
                "@pixi/display": "5.3.9",
                "@pixi/math": "5.3.9"
            }
        },
        "@pixi/particles": {
            "version": "5.3.9",
            "resolved": "https://registry.npmjs.org/@pixi/particles/-/particles-5.3.9.tgz",
            "integrity": "sha512-NAB3to0Om5LicwUpMeMsjxaXZYXi9mdTOgucXirf7I+RKPEp8wZg9g10esXjFjCryQYSlr2YPTpfANiK2pzdJw==",
            "dev": true,
            "requires": {
                "@pixi/constants": "5.3.9",
                "@pixi/core": "5.3.9",
                "@pixi/display": "5.3.9",
                "@pixi/math": "5.3.9",
                "@pixi/utils": "5.3.9"
            }
        },
        "@pixi/polyfill": {
            "version": "5.3.9",
            "resolved": "https://registry.npmjs.org/@pixi/polyfill/-/polyfill-5.3.9.tgz",
            "integrity": "sha512-y5DLSWtIMafET1o4C1xfNyXvZGC5HZLqRoQ7ypmvjcn7owk2C+61KPV0rrH5kyK5ncWaI6utnoVyvivo/Shp8A==",
            "dev": true,
            "requires": {
                "es6-promise-polyfill": "^1.2.0",
                "object-assign": "^4.1.1"
            }
        },
        "@pixi/prepare": {
            "version": "5.3.9",
            "resolved": "https://registry.npmjs.org/@pixi/prepare/-/prepare-5.3.9.tgz",
            "integrity": "sha512-ykb5YI06rYPQm5ZC8ymmVprjyno4WskRdr8DRuq/z8008ZqL1+YN0Yw/8v0aXpOdh43uPYUPHvHj77tLuV8BRQ==",
            "dev": true,
            "requires": {
                "@pixi/core": "5.3.9",
                "@pixi/display": "5.3.9",
                "@pixi/graphics": "5.3.9",
                "@pixi/settings": "5.3.9",
                "@pixi/text": "5.3.9",
                "@pixi/ticker": "5.3.9"
            }
        },
        "@pixi/runner": {
            "version": "5.3.9",
            "resolved": "https://registry.npmjs.org/@pixi/runner/-/runner-5.3.9.tgz",
            "integrity": "sha512-AN36mZivER12D1wmjoAf7scjK1JLO/uA9PyzfAResccafkev4W/PtjAYODSYUbNf3SnxvQMlpdVK7NHSwnxifQ==",
            "dev": true
        },
        "@pixi/settings": {
            "version": "5.3.9",
            "resolved": "https://registry.npmjs.org/@pixi/settings/-/settings-5.3.9.tgz",
            "integrity": "sha512-4moUuiDOibv/Fm2QVUg2TUL/6ZmYEi6OSifV4OlzMkaoyEtpc//4YC6nm+a0zDoQ2SxCWn9ADUexkNGsKNwi6Q==",
            "dev": true,
            "requires": {
                "ismobilejs": "^1.1.0"
            }
        },
        "@pixi/sprite": {
            "version": "5.3.9",
            "resolved": "https://registry.npmjs.org/@pixi/sprite/-/sprite-5.3.9.tgz",
            "integrity": "sha512-NCBl53D3OGuXyBzsDY5j4tzyMhXo9x3B9tGkZTaPamy6LFuJAHKz1rJLCft0dhQG0mCRihDHA7RVJF6t2NcQag==",
            "dev": true,
            "requires": {
                "@pixi/constants": "5.3.9",
                "@pixi/core": "5.3.9",
                "@pixi/display": "5.3.9",
                "@pixi/math": "5.3.9",
                "@pixi/settings": "5.3.9",
                "@pixi/utils": "5.3.9"
            }
        },
        "@pixi/sprite-animated": {
            "version": "5.3.9",
            "resolved": "https://registry.npmjs.org/@pixi/sprite-animated/-/sprite-animated-5.3.9.tgz",
            "integrity": "sha512-8s4Y8eHMbzwDX62LuvW0E8TV5mNnLcrqYGXxh5AkY5pp2b33ob9LD6ajs9vfVAaAXLwCjNCWy6N8K7jB07NzhQ==",
            "dev": true,
            "requires": {
                "@pixi/core": "5.3.9",
                "@pixi/sprite": "5.3.9",
                "@pixi/ticker": "5.3.9"
            }
        },
        "@pixi/sprite-tiling": {
            "version": "5.3.9",
            "resolved": "https://registry.npmjs.org/@pixi/sprite-tiling/-/sprite-tiling-5.3.9.tgz",
            "integrity": "sha512-3KgsYJcdR4VCHNa9vdsbrJOpAFg9ggNvGhHfU2zrZqv54b2NK1ieBLgFLXsefB2/1SYpgWjQUQ9wWzoc8Z5NXQ==",
            "dev": true,
            "requires": {
                "@pixi/constants": "5.3.9",
                "@pixi/core": "5.3.9",
                "@pixi/display": "5.3.9",
                "@pixi/math": "5.3.9",
                "@pixi/sprite": "5.3.9",
                "@pixi/utils": "5.3.9"
            }
        },
        "@pixi/spritesheet": {
            "version": "5.3.9",
            "resolved": "https://registry.npmjs.org/@pixi/spritesheet/-/spritesheet-5.3.9.tgz",
            "integrity": "sha512-N7wK8qQMI8rBpLXO1QalA9HOJ8j0+jM/ZYl2JWewo8rbxKpXTllOazr8QdSaofxAhCCsmG2QBzfR//tZS+WfGg==",
            "dev": true,
            "requires": {
                "@pixi/core": "5.3.9",
                "@pixi/loaders": "5.3.9",
                "@pixi/math": "5.3.9",
                "@pixi/utils": "5.3.9"
            }
        },
        "@pixi/text": {
            "version": "5.3.9",
            "resolved": "https://registry.npmjs.org/@pixi/text/-/text-5.3.9.tgz",
            "integrity": "sha512-QT1XRqLpaN0IsIHCbL8hgvRQSoHTodgvjeMCfAbp8KC0fLYxxKaD7RIU02Ito1Vl0cGON65/lg/qQMegQocgsg==",
            "dev": true,
            "requires": {
                "@pixi/core": "5.3.9",
                "@pixi/math": "5.3.9",
                "@pixi/settings": "5.3.9",
                "@pixi/sprite": "5.3.9",
                "@pixi/utils": "5.3.9"
            }
        },
        "@pixi/text-bitmap": {
            "version": "5.3.9",
            "resolved": "https://registry.npmjs.org/@pixi/text-bitmap/-/text-bitmap-5.3.9.tgz",
            "integrity": "sha512-s33Y+iiiLIIe4d9Tevn8VQ9HZfmpud0GU1OdoWRhMAKiXXsoI12e+hzVS6bOS5rsD0iyyS7Bcs4zxbBezSU24A==",
            "dev": true,
            "requires": {
                "@pixi/core": "5.3.9",
                "@pixi/display": "5.3.9",
                "@pixi/loaders": "5.3.9",
                "@pixi/math": "5.3.9",
                "@pixi/mesh": "5.3.9",
                "@pixi/settings": "5.3.9",
                "@pixi/text": "5.3.9",
                "@pixi/utils": "5.3.9"
            }
        },
        "@pixi/ticker": {
            "version": "5.3.9",
            "resolved": "https://registry.npmjs.org/@pixi/ticker/-/ticker-5.3.9.tgz",
            "integrity": "sha512-t7hc72X70lAp3H+m5BY6fS3U6XOdMqQrv6+5z4vfqBBr1lOuJGWUhgIpGXk0qhOl4F88LQlXkOsfk/qqUN+NCQ==",
            "dev": true,
            "requires": {
                "@pixi/settings": "5.3.9"
            }
        },
        "@pixi/utils": {
            "version": "5.3.9",
            "resolved": "https://registry.npmjs.org/@pixi/utils/-/utils-5.3.9.tgz",
            "integrity": "sha512-yvwaRo9VtSTAQsEFkYHjz12h3eW5Ww8Emk6XunEOiGPlByvs7AUsDpDGcym7DcKlePszHBSDPOj6gW56pZLzdA==",
            "dev": true,
            "requires": {
                "@pixi/constants": "5.3.9",
                "@pixi/settings": "5.3.9",
                "earcut": "^2.1.5",
                "eventemitter3": "^3.1.0",
                "url": "^0.11.0"
            }
        },
        "@rollup/plugin-typescript": {
            "version": "8.2.1",
            "resolved": "https://registry.npmjs.org/@rollup/plugin-typescript/-/plugin-typescript-8.2.1.tgz",
            "integrity": "sha512-Qd2E1pleDR4bwyFxqbjt4eJf+wB0UKVMLc7/BAFDGVdAXQMCsD4DUv5/7/ww47BZCYxWtJqe1Lo0KVNswBJlRw==",
            "dev": true,
            "requires": {
                "@rollup/pluginutils": "^3.1.0",
                "resolve": "^1.17.0"
            }
        },
        "@rollup/pluginutils": {
            "version": "3.1.0",
            "resolved": "https://registry.npmjs.org/@rollup/pluginutils/-/pluginutils-3.1.0.tgz",
            "integrity": "sha512-GksZ6pr6TpIjHm8h9lSQ8pi8BE9VeubNT0OMJ3B5uZJ8pz73NPiqOtCog/x2/QzM1ENChPKxMDhiQuRHsqc+lg==",
            "dev": true,
            "requires": {
                "@types/estree": "0.0.39",
                "estree-walker": "^1.0.1",
                "picomatch": "^2.2.2"
            }
        },
        "@types/estree": {
            "version": "0.0.39",
            "resolved": "https://registry.npmjs.org/@types/estree/-/estree-0.0.39.tgz",
            "integrity": "sha512-EYNwp3bU+98cpU4lAWYYL7Zz+2gryWH1qbdDTidVd6hkiR6weksdbMadyXKXNPEkQFhXM+hVO9ZygomHXp+AIw==",
            "dev": true
        },
        "balanced-match": {
            "version": "1.0.2",
            "resolved": "https://registry.npmjs.org/balanced-match/-/balanced-match-1.0.2.tgz",
            "integrity": "sha512-3oSeUO0TMV67hN1AmbXsK4yaqU7tjiHlbxRDZOpH0KW9+CeX4bRAaX0Anxt0tx2MrpRpWwQaPwIlISEJhYU5Pw==",
            "dev": true
        },
        "brace-expansion": {
            "version": "1.1.11",
            "resolved": "https://registry.npmjs.org/brace-expansion/-/brace-expansion-1.1.11.tgz",
            "integrity": "sha512-iCuPHDFgrHX7H2vEI/5xpz07zSHB00TpugqhmYtVmMO6518mCuRMoOYFldEBl0g187ufozdaHgWKcYFb61qGiA==",
            "dev": true,
            "requires": {
                "balanced-match": "^1.0.0",
                "concat-map": "0.0.1"
            }
        },
        "concat-map": {
            "version": "0.0.1",
            "resolved": "https://registry.npmjs.org/concat-map/-/concat-map-0.0.1.tgz",
            "integrity": "sha1-2Klr13/Wjfd5OnMDajug1UBdR3s=",
            "dev": true
        },
        "earcut": {
            "version": "2.2.2",
            "resolved": "https://registry.npmjs.org/earcut/-/earcut-2.2.2.tgz",
            "integrity": "sha512-eZoZPPJcUHnfRZ0PjLvx2qBordSiO8ofC3vt+qACLM95u+4DovnbYNpQtJh0DNsWj8RnxrQytD4WA8gj5cRIaQ==",
            "dev": true
        },
        "es6-promise-polyfill": {
            "version": "1.2.0",
            "resolved": "https://registry.npmjs.org/es6-promise-polyfill/-/es6-promise-polyfill-1.2.0.tgz",
            "integrity": "sha1-84kl8jyz4+jObNqP93T867sJDN4=",
            "dev": true
        },
        "estree-walker": {
            "version": "1.0.1",
            "resolved": "https://registry.npmjs.org/estree-walker/-/estree-walker-1.0.1.tgz",
            "integrity": "sha512-1fMXF3YP4pZZVozF8j/ZLfvnR8NSIljt56UhbZ5PeeDmmGHpgpdwQt7ITlGvYaQukCvuBRMLEiKiYC+oeIg4cg==",
            "dev": true
        },
        "eventemitter3": {
            "version": "3.1.2",
            "resolved": "https://registry.npmjs.org/eventemitter3/-/eventemitter3-3.1.2.tgz",
            "integrity": "sha512-tvtQIeLVHjDkJYnzf2dgVMxfuSGJeM/7UCG17TT4EumTfNtF+0nebF/4zWOIkCreAbtNqhGEboB6BWrwqNaw4Q==",
            "dev": true
        },
        "fs.realpath": {
            "version": "1.0.0",
            "resolved": "https://registry.npmjs.org/fs.realpath/-/fs.realpath-1.0.0.tgz",
            "integrity": "sha1-FQStJSMVjKpA20onh8sBQRmU6k8=",
            "dev": true
        },
        "function-bind": {
            "version": "1.1.1",
            "resolved": "https://registry.npmjs.org/function-bind/-/function-bind-1.1.1.tgz",
            "integrity": "sha512-yIovAzMX49sF8Yl58fSCWJ5svSLuaibPxXQJFLmBObTuCr0Mf1KiPopGM9NiFjiYBCbfaa2Fh6breQ6ANVTI0A==",
            "dev": true
        },
        "glob": {
            "version": "7.1.6",
            "resolved": "https://registry.npmjs.org/glob/-/glob-7.1.6.tgz",
            "integrity": "sha512-LwaxwyZ72Lk7vZINtNNrywX0ZuLyStrdDtabefZKAY5ZGJhVtgdznluResxNmPitE0SAO+O26sWTHeKSI2wMBA==",
            "dev": true,
            "requires": {
                "fs.realpath": "^1.0.0",
                "inflight": "^1.0.4",
                "inherits": "2",
                "minimatch": "^3.0.4",
                "once": "^1.3.0",
                "path-is-absolute": "^1.0.0"
            }
        },
        "has": {
            "version": "1.0.3",
            "resolved": "https://registry.npmjs.org/has/-/has-1.0.3.tgz",
            "integrity": "sha512-f2dvO0VU6Oej7RkWJGrehjbzMAjFp5/VKPp5tTpWIV4JHHZK1/BxbFRtf/siA2SWTe09caDmVtYYzWEIbBS4zw==",
            "dev": true,
            "requires": {
                "function-bind": "^1.1.1"
            }
        },
        "inflight": {
            "version": "1.0.6",
            "resolved": "https://registry.npmjs.org/inflight/-/inflight-1.0.6.tgz",
            "integrity": "sha1-Sb1jMdfQLQwJvJEKEHW6gWW1bfk=",
            "dev": true,
            "requires": {
                "once": "^1.3.0",
                "wrappy": "1"
            }
        },
        "inherits": {
            "version": "2.0.4",
            "resolved": "https://registry.npmjs.org/inherits/-/inherits-2.0.4.tgz",
            "integrity": "sha512-k/vGaX4/Yla3WzyMCvTQOXYeIHvqOKtnqBduzTHpzpQZzAskKMhZ2K+EnBiSM9zGSoIFeMpXKxa4dYeZIQqewQ==",
            "dev": true
        },
        "is-core-module": {
            "version": "2.2.0",
            "resolved": "https://registry.npmjs.org/is-core-module/-/is-core-module-2.2.0.tgz",
            "integrity": "sha512-XRAfAdyyY5F5cOXn7hYQDqh2Xmii+DEfIcQGxK/uNwMHhIkPWO0g8msXcbzLe+MpGoR951MlqM/2iIlU4vKDdQ==",
            "dev": true,
            "requires": {
                "has": "^1.0.3"
            }
        },
        "ismobilejs": {
            "version": "1.1.1",
            "resolved": "https://registry.npmjs.org/ismobilejs/-/ismobilejs-1.1.1.tgz",
            "integrity": "sha512-VaFW53yt8QO61k2WJui0dHf4SlL8lxBofUuUmwBo0ljPk0Drz2TiuDW4jo3wDcv41qy/SxrJ+VAzJ/qYqsmzRw==",
            "dev": true
        },
        "mini-signals": {
            "version": "1.2.0",
            "resolved": "https://registry.npmjs.org/mini-signals/-/mini-signals-1.2.0.tgz",
            "integrity": "sha1-RbCAE8X65RokqhqTXNMXye1yHXQ=",
            "dev": true
        },
        "minimatch": {
            "version": "3.0.4",
            "resolved": "https://registry.npmjs.org/minimatch/-/minimatch-3.0.4.tgz",
            "integrity": "sha512-yJHVQEhyqPLUTgt9B83PXu6W3rx4MvvHvSUvToogpwoGDOUQ+yDrR0HRot+yOCdCO7u4hX3pWft6kWBBcqh0UA==",
            "dev": true,
            "requires": {
                "brace-expansion": "^1.1.7"
            }
        },
        "object-assign": {
            "version": "4.1.1",
            "resolved": "https://registry.npmjs.org/object-assign/-/object-assign-4.1.1.tgz",
            "integrity": "sha1-IQmtx5ZYh8/AXLvUQsrIv7s2CGM=",
            "dev": true
        },
        "once": {
            "version": "1.4.0",
            "resolved": "https://registry.npmjs.org/once/-/once-1.4.0.tgz",
            "integrity": "sha1-WDsap3WWHUsROsF9nFC6753Xa9E=",
            "dev": true,
            "requires": {
                "wrappy": "1"
            }
        },
        "parse-uri": {
            "version": "1.0.3",
            "resolved": "https://registry.npmjs.org/parse-uri/-/parse-uri-1.0.3.tgz",
            "integrity": "sha512-upMnGxNcm+45So85HoguwZTVZI9u11i36DdxJfGF2HYWS2eh3TIx7+/tTi7qrEq15qzGkVhsKjesau+kCk48pA==",
            "dev": true
        },
        "path-is-absolute": {
            "version": "1.0.1",
            "resolved": "https://registry.npmjs.org/path-is-absolute/-/path-is-absolute-1.0.1.tgz",
            "integrity": "sha1-F0uSaHNVNP+8es5r9TpanhtcX18=",
            "dev": true
        },
        "path-parse": {
            "version": "1.0.6",
            "resolved": "https://registry.npmjs.org/path-parse/-/path-parse-1.0.6.tgz",
            "integrity": "sha512-GSmOT2EbHrINBf9SR7CDELwlJ8AENk3Qn7OikK4nFYAu3Ote2+JYNVvkpAEQm3/TLNEJFD/xZJjzyxg3KBWOzw==",
            "dev": true
        },
        "picomatch": {
            "version": "2.2.3",
            "resolved": "https://registry.npmjs.org/picomatch/-/picomatch-2.2.3.tgz",
            "integrity": "sha512-KpELjfwcCDUb9PeigTs2mBJzXUPzAuP2oPcA989He8Rte0+YUAjw1JVedDhuTKPkHjSYzMN3npC9luThGYEKdg==",
            "dev": true
        },
        "pixi.js": {
            "version": "5.3.9",
            "resolved": "https://registry.npmjs.org/pixi.js/-/pixi.js-5.3.9.tgz",
            "integrity": "sha512-MLczwbhFmFBXImy9TlUbjnQb8nQK3Zez/UHs2z3cBqXDLx9wSZ0kwJbeY4XAWuJNy3WeZtqKeDoteonNaDxMUQ==",
            "dev": true,
            "requires": {
                "@pixi/accessibility": "5.3.9",
                "@pixi/app": "5.3.9",
                "@pixi/constants": "5.3.9",
                "@pixi/core": "5.3.9",
                "@pixi/display": "5.3.9",
                "@pixi/extract": "5.3.9",
                "@pixi/filter-alpha": "5.3.9",
                "@pixi/filter-blur": "5.3.9",
                "@pixi/filter-color-matrix": "5.3.9",
                "@pixi/filter-displacement": "5.3.9",
                "@pixi/filter-fxaa": "5.3.9",
                "@pixi/filter-noise": "5.3.9",
                "@pixi/graphics": "5.3.9",
                "@pixi/interaction": "5.3.9",
                "@pixi/loaders": "5.3.9",
                "@pixi/math": "5.3.9",
                "@pixi/mesh": "5.3.9",
                "@pixi/mesh-extras": "5.3.9",
                "@pixi/mixin-cache-as-bitmap": "5.3.9",
                "@pixi/mixin-get-child-by-name": "5.3.9",
                "@pixi/mixin-get-global-position": "5.3.9",
                "@pixi/particles": "5.3.9",
                "@pixi/polyfill": "5.3.9",
                "@pixi/prepare": "5.3.9",
                "@pixi/runner": "5.3.9",
                "@pixi/settings": "5.3.9",
                "@pixi/sprite": "5.3.9",
                "@pixi/sprite-animated": "5.3.9",
                "@pixi/sprite-tiling": "5.3.9",
                "@pixi/spritesheet": "5.3.9",
                "@pixi/text": "5.3.9",
                "@pixi/text-bitmap": "5.3.9",
                "@pixi/ticker": "5.3.9",
                "@pixi/utils": "5.3.9"
            }
        },
        "punycode": {
            "version": "1.3.2",
            "resolved": "https://registry.npmjs.org/punycode/-/punycode-1.3.2.tgz",
            "integrity": "sha1-llOgNvt8HuQjQvIyXM7v6jkmxI0=",
            "dev": true
        },
        "querystring": {
            "version": "0.2.0",
            "resolved": "https://registry.npmjs.org/querystring/-/querystring-0.2.0.tgz",
            "integrity": "sha1-sgmEkgO7Jd+CDadW50cAWHhSFiA=",
            "dev": true
        },
        "resolve": {
            "version": "1.20.0",
            "resolved": "https://registry.npmjs.org/resolve/-/resolve-1.20.0.tgz",
            "integrity": "sha512-wENBPt4ySzg4ybFQW2TT1zMQucPK95HSh/nq2CFTZVOGut2+pQvSsgtda4d26YrYcr067wjbmzOG8byDPBX63A==",
            "dev": true,
            "requires": {
                "is-core-module": "^2.2.0",
                "path-parse": "^1.0.6"
            }
        },
        "resource-loader": {
            "version": "3.0.1",
            "resolved": "https://registry.npmjs.org/resource-loader/-/resource-loader-3.0.1.tgz",
            "integrity": "sha512-fBuCRbEHdLCI1eglzQhUv9Rrdcmqkydr1r6uHE2cYHvRBrcLXeSmbE/qI/urFt8rPr/IGxir3BUwM5kUK8XoyA==",
            "dev": true,
            "requires": {
                "mini-signals": "^1.2.0",
                "parse-uri": "^1.0.0"
            }
        },
        "rimraf": {
            "version": "3.0.2",
            "resolved": "https://registry.npmjs.org/rimraf/-/rimraf-3.0.2.tgz",
            "integrity": "sha512-JZkJMZkAGFFPP2YqXZXPbMlMBgsxzE8ILs4lMIX/2o0L9UBw9O/Y3o6wFw/i9YLapcUJWwqbi3kdxIPdC62TIA==",
            "dev": true,
            "requires": {
                "glob": "^7.1.3"
            }
        },
        "rollup": {
            "version": "2.45.2",
            "resolved": "https://registry.npmjs.org/rollup/-/rollup-2.45.2.tgz",
            "integrity": "sha512-kRRU7wXzFHUzBIv0GfoFFIN3m9oteY4uAsKllIpQDId5cfnkWF2J130l+27dzDju0E6MScKiV0ZM5Bw8m4blYQ==",
            "dev": true,
            "requires": {
                "fsevents": "~2.3.1"
            },
            "dependencies": {
                "fsevents": {
                    "version": "2.3.2",
                    "resolved": "https://registry.npmjs.org/fsevents/-/fsevents-2.3.2.tgz",
                    "integrity": "sha512-xiqMQR4xAeHTuB9uWm+fFRcIOgKBMiOBP+eXiyT7jsgVCq1bkVygt00oASowB7EdtpOHaaPgKt812P9ab+DDKA==",
                    "dev": true,
                    "optional": true
                }
            }
        },
        "tslib": {
            "version": "2.2.0",
            "resolved": "https://registry.npmjs.org/tslib/-/tslib-2.2.0.tgz",
            "integrity": "sha512-gS9GVHRU+RGn5KQM2rllAlR3dU6m7AcpJKdtH8gFvQiC4Otgk98XnmMU+nZenHt/+VhnBPWwgrJsyrdcw6i23w==",
            "dev": true
        },
        "typescript": {
            "version": "4.2.4",
            "resolved": "https://registry.npmjs.org/typescript/-/typescript-4.2.4.tgz",
            "integrity": "sha512-V+evlYHZnQkaz8TRBuxTA92yZBPotr5H+WhQ7bD3hZUndx5tGOa1fuCgeSjxAzM1RiN5IzvadIXTVefuuwZCRg==",
            "dev": true
        },
        "url": {
            "version": "0.11.0",
            "resolved": "https://registry.npmjs.org/url/-/url-0.11.0.tgz",
            "integrity": "sha1-ODjpfPxgUh63PFJajlW/3Z4uKPE=",
            "dev": true,
            "requires": {
                "punycode": "1.3.2",
                "querystring": "0.2.0"
            }
        },
        "wrappy": {
            "version": "1.0.2",
            "resolved": "https://registry.npmjs.org/wrappy/-/wrappy-1.0.2.tgz",
            "integrity": "sha1-tSQ9jz7BqjXxNkYFvA0QNuMKtp8=",
            "dev": true
        }
    }
}
